
Microsoft Visual Studio Solution File, Format Version 12.00
# Visual Studio Version 17
VisualStudioVersion = 17.12.35707.178 d17.12
MinimumVisualStudioVersion = 10.0.40219.1
Project("{FAE04EC0-301F-11D3-BF4B-00C04F79EFBC}") = "JobTracker.API", "JobTracker.API\JobTracker.API.csproj", "{FD21CA04-609D-4857-870D-91D8030F9043}"
EndProject
Project("{FAE04EC0-301F-11D3-BF4B-00C04F79EFBC}") = "JobTracker.Data", "JobTracker.Data\JobTracker.Data.csproj", "{93AEBBB2-BBE2-4B26-8EE8-062C4A5891A4}"
EndProject
Global
	GlobalSection(SolutionConfigurationPlatforms) = preSolution
		Debug|Any CPU = Debug|Any CPU
		Release|Any CPU = Release|Any CPU
	EndGlobalSection
	GlobalSection(ProjectConfigurationPlatforms) = postSolution
		{FD21CA04-609D-4857-870D-91D8030F9043}.Debug|Any CPU.ActiveCfg = Debug|Any CPU
		{FD21CA04-609D-4857-870D-91D8030F9043}.Debug|Any CPU.Build.0 = Debug|Any CPU
		{FD21CA04-609D-4857-870D-91D8030F9043}.Release|Any CPU.ActiveCfg = Release|Any CPU
		{FD21CA04-609D-4857-870D-91D8030F9043}.Release|Any CPU.Build.0 = Release|Any CPU
		{93AEBBB2-BBE2-4B26-8EE8-062C4A5891A4}.Debug|Any CPU.ActiveCfg = Debug|Any CPU
		{93AEBBB2-BBE2-4B26-8EE8-062C4A5891A4}.Debug|Any CPU.Build.0 = Debug|Any CPU
		{93AEBBB2-BBE2-4B26-8EE8-062C4A5891A4}.Release|Any CPU.ActiveCfg = Release|Any CPU
		{93AEBBB2-BBE2-4B26-8EE8-062C4A5891A4}.Release|Any CPU.Build.0 = Release|Any CPU
	EndGlobalSection
	GlobalSection(SolutionProperties) = preSolution
		HideSolutionNode = FALSE
	EndGlobalSection
EndGlobal
